{
  "originHash" : "5fb607202c3e3603ac2b336f2e49c29e85856e057cd4ded5c6cab8a416ef419f",
  "pins" : [
    {
      "identity" : "apollo-ios",
      "kind" : "remoteSourceControl",
      "location" : "https://github.com/apollographql/apollo-ios",
      "state" : {
        "revision" : "a5f98b1e5b2e334beffa91c1d91d03ee6aa2d8ef",
        "version" : "2.1.1"
      }
    }
  ],
  "version" : 3
}
